
Microsoft Visual Studio Solution File, Format Version 12.00
# Visual Studio Version 16
VisualStudioVersion = 16.0.30804.86
MinimumVisualStudioVersion = 10.0.40219.1
Project("{FAE04EC0-301F-11D3-BF4B-00C04F79EFBC}") = "BlazorBattles50.Server", "BlazorBattles50\Server\BlazorBattles50.Server.csproj", "{7219BE47-F207-4921-A1E1-B87A8C263EC6}"
EndProject
Project("{FAE04EC0-301F-11D3-BF4B-00C04F79EFBC}") = "BlazorBattles50.Client", "BlazorBattles50\Client\BlazorBattles50.Client.csproj", "{EC726578-1684-4117-8357-9DA48EA5BDDB}"
EndProject
Project("{FAE04EC0-301F-11D3-BF4B-00C04F79EFBC}") = "BlazorBattles50.Shared", "BlazorBattles50\Shared\BlazorBattles50.Shared.csproj", "{34840388-53CB-4941-85FB-0F1D36988891}"
EndProject
Global
	GlobalSection(SolutionConfigurationPlatforms) = preSolution
		Debug|Any CPU = Debug|Any CPU
		Release|Any CPU = Release|Any CPU
	EndGlobalSection
	GlobalSection(ProjectConfigurationPlatforms) = postSolution
		{7219BE47-F207-4921-A1E1-B87A8C263EC6}.Debug|Any CPU.ActiveCfg = Debug|Any CPU
		{7219BE47-F207-4921-A1E1-B87A8C263EC6}.Debug|Any CPU.Build.0 = Debug|Any CPU
		{7219BE47-F207-4921-A1E1-B87A8C263EC6}.Release|Any CPU.ActiveCfg = Release|Any CPU
		{7219BE47-F207-4921-A1E1-B87A8C263EC6}.Release|Any CPU.Build.0 = Release|Any CPU
		{EC726578-1684-4117-8357-9DA48EA5BDDB}.Debug|Any CPU.ActiveCfg = Debug|Any CPU
		{EC726578-1684-4117-8357-9DA48EA5BDDB}.Debug|Any CPU.Build.0 = Debug|Any CPU
		{EC726578-1684-4117-8357-9DA48EA5BDDB}.Release|Any CPU.ActiveCfg = Release|Any CPU
		{EC726578-1684-4117-8357-9DA48EA5BDDB}.Release|Any CPU.Build.0 = Release|Any CPU
		{34840388-53CB-4941-85FB-0F1D36988891}.Debug|Any CPU.ActiveCfg = Debug|Any CPU
		{34840388-53CB-4941-85FB-0F1D36988891}.Debug|Any CPU.Build.0 = Debug|Any CPU
		{34840388-53CB-4941-85FB-0F1D36988891}.Release|Any CPU.ActiveCfg = Release|Any CPU
		{34840388-53CB-4941-85FB-0F1D36988891}.Release|Any CPU.Build.0 = Release|Any CPU
	EndGlobalSection
	GlobalSection(SolutionProperties) = preSolution
		HideSolutionNode = FALSE
	EndGlobalSection
	GlobalSection(ExtensibilityGlobals) = postSolution
		SolutionGuid = {F216CB1A-5C35-4DF1-98C1-0EF053775061}
	EndGlobalSection
EndGlobal
